
Microsoft Visual Studio Solution File, Format Version 12.00
# Visual Studio Version 17
VisualStudioVersion = 17.3.32819.101
MinimumVisualStudioVersion = 10.0.40219.1
Project("{FAE04EC0-301F-11D3-BF4B-00C04F79EFBC}") = "PE20Dom", "PE20Dom.csproj", "{312BAF5F-A6CC-4933-9E3D-F85A2C9659B7}"
EndProject
Global
	GlobalSection(SolutionConfigurationPlatforms) = preSolution
		Debug|Any CPU = Debug|Any CPU
		Release|Any CPU = Release|Any CPU
	EndGlobalSection
	GlobalSection(ProjectConfigurationPlatforms) = postSolution
		{312BAF5F-A6CC-4933-9E3D-F85A2C9659B7}.Debug|Any CPU.ActiveCfg = Debug|Any CPU
		{312BAF5F-A6CC-4933-9E3D-F85A2C9659B7}.Debug|Any CPU.Build.0 = Debug|Any CPU
		{312BAF5F-A6CC-4933-9E3D-F85A2C9659B7}.Release|Any CPU.ActiveCfg = Release|Any CPU
		{312BAF5F-A6CC-4933-9E3D-F85A2C9659B7}.Release|Any CPU.Build.0 = Release|Any CPU
	EndGlobalSection
	GlobalSection(SolutionProperties) = preSolution
		HideSolutionNode = FALSE
	EndGlobalSection
	GlobalSection(ExtensibilityGlobals) = postSolution
		SolutionGuid = {1C3DAB7E-59E5-46B1-A6FA-EF16E191DDAE}
	EndGlobalSection
EndGlobal
