
Microsoft Visual Studio Solution File, Format Version 12.00
# Visual Studio Version 17
VisualStudioVersion = 17.3.32819.101
MinimumVisualStudioVersion = 10.0.40219.1
Project("{FAE04EC0-301F-11D3-BF4B-00C04F79EFBC}") = "Betze_HelloWorld", "Betze_HelloWorld.csproj", "{360703E0-B3E8-49F3-805E-6902A517E9F4}"
EndProject
Global
	GlobalSection(SolutionConfigurationPlatforms) = preSolution
		Debug|Any CPU = Debug|Any CPU
		Release|Any CPU = Release|Any CPU
	EndGlobalSection
	GlobalSection(ProjectConfigurationPlatforms) = postSolution
		{360703E0-B3E8-49F3-805E-6902A517E9F4}.Debug|Any CPU.ActiveCfg = Debug|Any CPU
		{360703E0-B3E8-49F3-805E-6902A517E9F4}.Debug|Any CPU.Build.0 = Debug|Any CPU
		{360703E0-B3E8-49F3-805E-6902A517E9F4}.Release|Any CPU.ActiveCfg = Release|Any CPU
		{360703E0-B3E8-49F3-805E-6902A517E9F4}.Release|Any CPU.Build.0 = Release|Any CPU
	EndGlobalSection
	GlobalSection(SolutionProperties) = preSolution
		HideSolutionNode = FALSE
	EndGlobalSection
	GlobalSection(ExtensibilityGlobals) = postSolution
		SolutionGuid = {1A902069-5F4F-4406-AAFC-C4984B1A1475}
	EndGlobalSection
EndGlobal
